
Microsoft Visual Studio Solution File, Format Version 12.00
# Visual Studio Version 16
VisualStudioVersion = 16.0.30804.86
MinimumVisualStudioVersion = 10.0.40219.1
Project("{9A19103F-16F7-4668-BE54-9A1E7A4F7556}") = "proj_btb", "proj_btb\proj_btb.csproj", "{DFDC20CA-71AA-418D-B7B4-A05227174AE1}"
EndProject
Project("{FAE04EC0-301F-11D3-BF4B-00C04F79EFBC}") = "proj_btb2", "..\proj_btb2\proj_btb2\proj_btb2.csproj", "{910DCC84-B0F9-41C4-8439-9193DB50D38A}"
EndProject
Global
	GlobalSection(SolutionConfigurationPlatforms) = preSolution
		Debug|Any CPU = Debug|Any CPU
		Release|Any CPU = Release|Any CPU
	EndGlobalSection
	GlobalSection(ProjectConfigurationPlatforms) = postSolution
		{DFDC20CA-71AA-418D-B7B4-A05227174AE1}.Debug|Any CPU.ActiveCfg = Debug|Any CPU
		{DFDC20CA-71AA-418D-B7B4-A05227174AE1}.Debug|Any CPU.Build.0 = Debug|Any CPU
		{DFDC20CA-71AA-418D-B7B4-A05227174AE1}.Release|Any CPU.ActiveCfg = Release|Any CPU
		{DFDC20CA-71AA-418D-B7B4-A05227174AE1}.Release|Any CPU.Build.0 = Release|Any CPU
		{910DCC84-B0F9-41C4-8439-9193DB50D38A}.Debug|Any CPU.ActiveCfg = Debug|Any CPU
		{910DCC84-B0F9-41C4-8439-9193DB50D38A}.Debug|Any CPU.Build.0 = Debug|Any CPU
		{910DCC84-B0F9-41C4-8439-9193DB50D38A}.Release|Any CPU.ActiveCfg = Release|Any CPU
		{910DCC84-B0F9-41C4-8439-9193DB50D38A}.Release|Any CPU.Build.0 = Release|Any CPU
	EndGlobalSection
	GlobalSection(SolutionProperties) = preSolution
		HideSolutionNode = FALSE
	EndGlobalSection
	GlobalSection(ExtensibilityGlobals) = postSolution
		SolutionGuid = {475D74F3-AB19-4A80-965F-36E5A78182E0}
	EndGlobalSection
EndGlobal
